// !$*UTF8*$!
{
	archiveVersion = 1;
	classes = {
	};
	objectVersion = 77;
	objects = {

/* Begin PBXBuildFile section */
		8003B57A2F324B9C0035E183 /* Fonsters Watch Clock Extension.appex in Embed Watch Extensions */ = {isa = PBXBuildFile; fileRef = 8003B5712F324B9C0035E183 /* Fonsters Watch Clock Extension.appex */; };
		8085E0672F328F90009F6980 /* Messages.framework in Frameworks */ = {isa = PBXBuildFile; fileRef = 8085E0662F328F90009F6980 /* Messages.framework */; };
		8085E0732F328F91009F6980 /* Fonsters iMessage Extension.appex in Embed Foundation Extensions */ = {isa = PBXBuildFile; fileRef = 8085E0642F328F90009F6980 /* Fonsters iMessage Extension.appex */; platformFilters = ( ios ); settings = {ATTRIBUTES = (RemoveHeadersOnCopy, ); }; };
/* End PBXBuildFile section */

/* Begin PBXContainerItemProxy section */
		8003B5332F324B9C0035E183 /* PBXContainerItemProxy */ = {
			isa = PBXContainerItemProxy;
			containerPortal = 8003B5192F324B9A0035E183 /* Project object */;
			proxyType = 1;
			remoteGlobalIDString = 8003B5202F324B9A0035E183;
			remoteInfo = Fonsters;
		};
		8003B53D2F324B9C0035E183 /* PBXContainerItemProxy */ = {
			isa = PBXContainerItemProxy;
			containerPortal = 8003B5192F324B9A0035E183 /* Project object */;
			proxyType = 1;
			remoteGlobalIDString = 8003B5202F324B9A0035E183;
			remoteInfo = Fonsters;
		};
		8003B57B2F324B9C0035E183 /* PBXContainerItemProxy */ = {
			isa = PBXContainerItemProxy;
			containerPortal = 8003B5192F324B9A0035E183 /* Project object */;
			proxyType = 1;
			remoteGlobalIDString = 8003B5742F324B9C0035E183;
			remoteInfo = "Fonsters Watch Clock Extension";
		};
		8085E0712F328F91009F6980 /* PBXContainerItemProxy */ = {
			isa = PBXContainerItemProxy;
			containerPortal = 8003B5192F324B9A0035E183 /* Project object */;
			proxyType = 1;
			remoteGlobalIDString = 8085E0632F328F90009F6980;
			remoteInfo = "Fonsters iMessage Extension";
		};
/* End PBXContainerItemProxy section */

/* Begin PBXCopyFilesBuildPhase section */
		8003B57C2F324B9C0035E183 /* Embed Watch Extensions */ = {
			isa = PBXCopyFilesBuildPhase;
			buildActionMask = 2147483647;
			dstPath = "";
			dstSubfolderSpec = 13;
			files = (
				8003B57A2F324B9C0035E183 /* Fonsters Watch Clock Extension.appex in Embed Watch Extensions */,
			);
			name = "Embed Watch Extensions";
			runOnlyForDeploymentPostprocessing = 0;
		};
		8085E0742F328F91009F6980 /* Embed Foundation Extensions */ = {
			isa = PBXCopyFilesBuildPhase;
			buildActionMask = 2147483647;
			dstPath = "";
			dstSubfolderSpec = 13;
			files = (
				8085E0732F328F91009F6980 /* Fonsters iMessage Extension.appex in Embed Foundation Extensions */,
			);
			name = "Embed Foundation Extensions";
			runOnlyForDeploymentPostprocessing = 0;
		};
/* End PBXCopyFilesBuildPhase section */

/* Begin PBXFileReference section */
		8003B5212F324B9A0035E183 /* Fonsters.app */ = {isa = PBXFileReference; explicitFileType = wrapper.application; includeInIndex = 0; path = Fonsters.app; sourceTree = BUILT_PRODUCTS_DIR; };
		8003B5322F324B9C0035E183 /* FonstersTests.xctest */ = {isa = PBXFileReference; explicitFileType = wrapper.cfbundle; includeInIndex = 0; path = FonstersTests.xctest; sourceTree = BUILT_PRODUCTS_DIR; };
		8003B53C2F324B9C0035E183 /* FonstersUITests.xctest */ = {isa = PBXFileReference; explicitFileType = wrapper.cfbundle; includeInIndex = 0; path = FonstersUITests.xctest; sourceTree = BUILT_PRODUCTS_DIR; };
		8003B5602F324B9C0035E183 /* Fonsters Watch App.app */ = {isa = PBXFileReference; explicitFileType = wrapper.application; includeInIndex = 0; path = "Fonsters Watch App.app"; sourceTree = BUILT_PRODUCTS_DIR; };
		8003B5712F324B9C0035E183 /* Fonsters Watch Clock Extension.appex */ = {isa = PBXFileReference; explicitFileType = "wrapper.app-extension"; includeInIndex = 0; path = "Fonsters Watch Clock Extension.appex"; sourceTree = BUILT_PRODUCTS_DIR; };
		8085E0642F328F90009F6980 /* Fonsters iMessage Extension.appex */ = {isa = PBXFileReference; explicitFileType = "wrapper.app-extension"; includeInIndex = 0; path = "Fonsters iMessage Extension.appex"; sourceTree = BUILT_PRODUCTS_DIR; };
		8085E0662F328F90009F6980 /* Messages.framework */ = {isa = PBXFileReference; lastKnownFileType = wrapper.framework; name = Messages.framework; path = Library/Frameworks/Messages.framework; sourceTree = DEVELOPER_DIR; };
/* End PBXFileReference section */

/* Begin PBXFileSystemSynchronizedBuildFileExceptionSet section */
		8003B5442F324B9C0035E183 /* Exceptions for "Fonsters" folder in "Fonsters" target */ = {
			isa = PBXFileSystemSynchronizedBuildFileExceptionSet;
			membershipExceptions = (
				Info.plist,
			);
			target = 8003B5202F324B9A0035E183 /* Fonsters */;
		};
		8003B5622F324B9C0035E183 /* Exceptions for "Fonsters" folder in "Fonsters Watch App" target */ = {
			isa = PBXFileSystemSynchronizedBuildFileExceptionSet;
			membershipExceptions = (
				Assets.xcassets,
				ContentView.swift,
				FonstersApp.swift,
				Info.plist,
				InstallationSeeds.swift,
				ShareLoadHelpers.swift,
			);
			target = 8003B5632F324B9C0035E183 /* Fonsters Watch App */;
		};
		8003B5722F324B9C0035E183 /* Exceptions for "Fonsters" folder in "Fonsters Watch Clock Extension" target */ = {
			isa = PBXFileSystemSynchronizedBuildFileExceptionSet;
			membershipExceptions = (
				Assets.xcassets,
				ContentView.swift,
				CreatureEnvironmentView.swift,
				Fonster.swift,
				FonstersApp.swift,
				Info.plist,
				InitialCreatureNames.swift,
				InstallationSeeds.swift,
				ShareLoadHelpers.swift,
			);
			target = 8003B5742F324B9C0035E183 /* Fonsters Watch Clock Extension */;
		};
		8085E0782F328F91009F6980 /* Exceptions for "Fonsters iMessage Extension" folder in "Fonsters iMessage Extension" target */ = {
			isa = PBXFileSystemSynchronizedBuildFileExceptionSet;
			membershipExceptions = (
				Info.plist,
			);
			target = 8085E0632F328F90009F6980 /* Fonsters iMessage Extension */;
		};
		8085E0792F328F91009F6980 /* Exceptions for "Fonsters" folder in "Fonsters iMessage Extension" target */ = {
			isa = PBXFileSystemSynchronizedBuildFileExceptionSet;
			membershipExceptions = (
				Assets.xcassets,
				ClockSeed.swift,
				ContentView.swift,
				CreatureEnvironmentView.swift,
				FonstersApp.swift,
				Info.plist,
				InitialCreatureNames.swift,
				InstallationSeeds.swift,
				LoadingView.swift,
				ShareLoadHelpers.swift,
				UprightCreatureFeature.swift,
			);
			target = 8085E0632F328F90009F6980 /* Fonsters iMessage Extension */;
		};
/* End PBXFileSystemSynchronizedBuildFileExceptionSet section */

/* Begin PBXFileSystemSynchronizedRootGroup section */
		8003B5232F324B9A0035E183 /* Fonsters */ = {
			isa = PBXFileSystemSynchronizedRootGroup;
			exceptions = (
				8003B5442F324B9C0035E183 /* Exceptions for "Fonsters" folder in "Fonsters" target */,
				8003B5622F324B9C0035E183 /* Exceptions for "Fonsters" folder in "Fonsters Watch App" target */,
				8003B5722F324B9C0035E183 /* Exceptions for "Fonsters" folder in "Fonsters Watch Clock Extension" target */,
				8085E0792F328F91009F6980 /* Exceptions for "Fonsters" folder in "Fonsters iMessage Extension" target */,
			);
			path = Fonsters;
			sourceTree = "<group>";
		};
		8003B5352F324B9C0035E183 /* FonstersTests */ = {
			isa = PBXFileSystemSynchronizedRootGroup;
			path = FonstersTests;
			sourceTree = "<group>";
		};
		8003B53F2F324B9C0035E183 /* FonstersUITests */ = {
			isa = PBXFileSystemSynchronizedRootGroup;
			path = FonstersUITests;
			sourceTree = "<group>";
		};
		8003B5612F324B9C0035E183 /* Fonsters Watch App */ = {
			isa = PBXFileSystemSynchronizedRootGroup;
			path = "Fonsters Watch App";
			sourceTree = "<group>";
		};
		8003B5732F324B9C0035E183 /* Fonsters Watch Clock Extension */ = {
			isa = PBXFileSystemSynchronizedRootGroup;
			path = "Fonsters Watch Clock Extension";
			sourceTree = "<group>";
		};
		8085E0682F328F90009F6980 /* Fonsters iMessage Extension */ = {
			isa = PBXFileSystemSynchronizedRootGroup;
			exceptions = (
				8085E0782F328F91009F6980 /* Exceptions for "Fonsters iMessage Extension" folder in "Fonsters iMessage Extension" target */,
			);
			path = "Fonsters iMessage Extension";
			sourceTree = "<group>";
		};
/* End PBXFileSystemSynchronizedRootGroup section */

/* Begin PBXFrameworksBuildPhase section */
		8003B51E2F324B9A0035E183 /* Frameworks */ = {
			isa = PBXFrameworksBuildPhase;
			buildActionMask = 2147483647;
			files = (
			);
			runOnlyForDeploymentPostprocessing = 0;
		};
		8003B52F2F324B9C0035E183 /* Frameworks */ = {
			isa = PBXFrameworksBuildPhase;
			buildActionMask = 2147483647;
			files = (
			);
			runOnlyForDeploymentPostprocessing = 0;
		};
		8003B5392F324B9C0035E183 /* Frameworks */ = {
			isa = PBXFrameworksBuildPhase;
			buildActionMask = 2147483647;
			files = (
			);
			runOnlyForDeploymentPostprocessing = 0;
		};
		8003B5652F324B9C0035E183 /* Frameworks */ = {
			isa = PBXFrameworksBuildPhase;
			buildActionMask = 2147483647;
			files = (
			);
			runOnlyForDeploymentPostprocessing = 0;
		};
		8003B5762F324B9C0035E183 /* Frameworks */ = {
			isa = PBXFrameworksBuildPhase;
			buildActionMask = 2147483647;
			files = (
			);
			runOnlyForDeploymentPostprocessing = 0;
		};
		8085E0612F328F90009F6980 /* Frameworks */ = {
			isa = PBXFrameworksBuildPhase;
			buildActionMask = 2147483647;
			files = (
				8085E0672F328F90009F6980 /* Messages.framework in Frameworks */,
			);
			runOnlyForDeploymentPostprocessing = 0;
		};
/* End PBXFrameworksBuildPhase section */

/* Begin PBXGroup section */
		8003B5182F324B9A0035E183 = {
			isa = PBXGroup;
			children = (
				8003B5232F324B9A0035E183 /* Fonsters */,
				8003B5612F324B9C0035E183 /* Fonsters Watch App */,
				8003B5732F324B9C0035E183 /* Fonsters Watch Clock Extension */,
				8003B5352F324B9C0035E183 /* FonstersTests */,
				8003B53F2F324B9C0035E183 /* FonstersUITests */,
				8085E0682F328F90009F6980 /* Fonsters iMessage Extension */,
				8085E0652F328F90009F6980 /* Frameworks */,
				8003B5222F324B9A0035E183 /* Products */,
			);
			sourceTree = "<group>";
		};
		8003B5222F324B9A0035E183 /* Products */ = {
			isa = PBXGroup;
			children = (
				8003B5212F324B9A0035E183 /* Fonsters.app */,
				8003B5602F324B9C0035E183 /* Fonsters Watch App.app */,
				8003B5712F324B9C0035E183 /* Fonsters Watch Clock Extension.appex */,
				8003B5322F324B9C0035E183 /* FonstersTests.xctest */,
				8003B53C2F324B9C0035E183 /* FonstersUITests.xctest */,
				8085E0642F328F90009F6980 /* Fonsters iMessage Extension.appex */,
			);
			name = Products;
			sourceTree = "<group>";
		};
		8085E0652F328F90009F6980 /* Frameworks */ = {
			isa = PBXGroup;
			children = (
				8085E0662F328F90009F6980 /* Messages.framework */,
			);
			name = Frameworks;
			sourceTree = "<group>";
		};
/* End PBXGroup section */

/* Begin PBXNativeTarget section */
		8003B5202F324B9A0035E183 /* Fonsters */ = {
			isa = PBXNativeTarget;
			buildConfigurationList = 8003B5452F324B9C0035E183 /* Build configuration list for PBXNativeTarget "Fonsters" */;
			buildPhases = (
				8003B51D2F324B9A0035E183 /* Sources */,
				8003B51E2F324B9A0035E183 /* Frameworks */,
				8003B51F2F324B9A0035E183 /* Resources */,
				8085E0742F328F91009F6980 /* Embed Foundation Extensions */,
			);
			buildRules = (
			);
			dependencies = (
				8085E0722F328F91009F6980 /* PBXTargetDependency */,
			);
			fileSystemSynchronizedGroups = (
				8003B5232F324B9A0035E183 /* Fonsters */,
			);
			name = Fonsters;
			packageProductDependencies = (
			);
			productName = Fonsters;
			productReference = 8003B5212F324B9A0035E183 /* Fonsters.app */;
			productType = "com.apple.product-type.application";
		};
		8003B5312F324B9C0035E183 /* FonstersTests */ = {
			isa = PBXNativeTarget;
			buildConfigurationList = 8003B54A2F324B9C0035E183 /* Build configuration list for PBXNativeTarget "FonstersTests" */;
			buildPhases = (
				8003B52E2F324B9C0035E183 /* Sources */,
				8003B52F2F324B9C0035E183 /* Frameworks */,
				8003B5302F324B9C0035E183 /* Resources */,
			);
			buildRules = (
			);
			dependencies = (
				8003B5342F324B9C0035E183 /* PBXTargetDependency */,
			);
			fileSystemSynchronizedGroups = (
				8003B5352F324B9C0035E183 /* FonstersTests */,
			);
			name = FonstersTests;
			packageProductDependencies = (
			);
			productName = FonstersTests;
			productReference = 8003B5322F324B9C0035E183 /* FonstersTests.xctest */;
			productType = "com.apple.product-type.bundle.unit-test";
		};
		8003B53B2F324B9C0035E183 /* FonstersUITests */ = {
			isa = PBXNativeTarget;
			buildConfigurationList = 8003B54D2F324B9C0035E183 /* Build configuration list for PBXNativeTarget "FonstersUITests" */;
			buildPhases = (
				8003B5382F324B9C0035E183 /* Sources */,
				8003B5392F324B9C0035E183 /* Frameworks */,
				8003B53A2F324B9C0035E183 /* Resources */,
			);
			buildRules = (
			);
			dependencies = (
				8003B53E2F324B9C0035E183 /* PBXTargetDependency */,
			);
			fileSystemSynchronizedGroups = (
				8003B53F2F324B9C0035E183 /* FonstersUITests */,
			);
			name = FonstersUITests;
			packageProductDependencies = (
			);
			productName = FonstersUITests;
			productReference = 8003B53C2F324B9C0035E183 /* FonstersUITests.xctest */;
			productType = "com.apple.product-type.bundle.ui-testing";
		};
		8003B5632F324B9C0035E183 /* Fonsters Watch App */ = {
			isa = PBXNativeTarget;
			buildConfigurationList = 8003B5662F324B9C0035E183 /* Build configuration list for PBXNativeTarget "Fonsters Watch App" */;
			buildPhases = (
				8003B5642F324B9C0035E183 /* Sources */,
				8003B5652F324B9C0035E183 /* Frameworks */,
				8003B5672F324B9C0035E183 /* Resources */,
				8003B57C2F324B9C0035E183 /* Embed Watch Extensions */,
			);
			buildRules = (
			);
			dependencies = (
				8003B5792F324B9C0035E183 /* PBXTargetDependency */,
			);
			fileSystemSynchronizedGroups = (
				8003B5232F324B9A0035E183 /* Fonsters */,
				8003B5612F324B9C0035E183 /* Fonsters Watch App */,
			);
			name = "Fonsters Watch App";
			packageProductDependencies = (
			);
			productName = "Fonsters Watch App";
			productReference = 8003B5602F324B9C0035E183 /* Fonsters Watch App.app */;
			productType = "com.apple.product-type.application";
		};
		8003B5742F324B9C0035E183 /* Fonsters Watch Clock Extension */ = {
			isa = PBXNativeTarget;
			buildConfigurationList = 8003B57D2F324B9C0035E183 /* Build configuration list for PBXNativeTarget "Fonsters Watch Clock Extension" */;
			buildPhases = (
				8003B5752F324B9C0035E183 /* Sources */,
				8003B5762F324B9C0035E183 /* Frameworks */,
				8003B5772F324B9C0035E183 /* Resources */,
			);
			buildRules = (
			);
			dependencies = (
			);
			fileSystemSynchronizedGroups = (
				8003B5232F324B9A0035E183 /* Fonsters */,
				8003B5732F324B9C0035E183 /* Fonsters Watch Clock Extension */,
			);
			name = "Fonsters Watch Clock Extension";
			packageProductDependencies = (
			);
			productName = "Fonsters Watch Clock Extension";
			productReference = 8003B5712F324B9C0035E183 /* Fonsters Watch Clock Extension.appex */;
			productType = "com.apple.product-type.app-extension";
		};
		8085E0632F328F90009F6980 /* Fonsters iMessage Extension */ = {
			isa = PBXNativeTarget;
			buildConfigurationList = 8085E0772F328F91009F6980 /* Build configuration list for PBXNativeTarget "Fonsters iMessage Extension" */;
			buildPhases = (
				8085E0602F328F90009F6980 /* Sources */,
				8085E0612F328F90009F6980 /* Frameworks */,
				8085E0622F328F90009F6980 /* Resources */,
			);
			buildRules = (
			);
			dependencies = (
			);
			fileSystemSynchronizedGroups = (
				8003B5232F324B9A0035E183 /* Fonsters */,
				8085E0682F328F90009F6980 /* Fonsters iMessage Extension */,
			);
			name = "Fonsters iMessage Extension";
			packageProductDependencies = (
			);
			productName = "Fonsters iMessage Extension";
			productReference = 8085E0642F328F90009F6980 /* Fonsters iMessage Extension.appex */;
			productType = "com.apple.product-type.app-extension.messages";
		};
/* End PBXNativeTarget section */

/* Begin PBXProject section */
		8003B5192F324B9A0035E183 /* Project object */ = {
			isa = PBXProject;
			attributes = {
				BuildIndependentTargetsInParallel = 1;
				LastSwiftUpdateCheck = 2620;
				LastUpgradeCheck = 2620;
				TargetAttributes = {
					8003B5202F324B9A0035E183 = {
						CreatedOnToolsVersion = 26.2;
					};
					8003B5312F324B9C0035E183 = {
						CreatedOnToolsVersion = 26.2;
						TestTargetID = 8003B5202F324B9A0035E183;
					};
					8003B53B2F324B9C0035E183 = {
						CreatedOnToolsVersion = 26.2;
						TestTargetID = 8003B5202F324B9A0035E183;
					};
					8003B5632F324B9C0035E183 = {
						CreatedOnToolsVersion = 26.2;
					};
					8003B5742F324B9C0035E183 = {
						CreatedOnToolsVersion = 26.2;
					};
					8085E0632F328F90009F6980 = {
						CreatedOnToolsVersion = 26.2;
					};
				};
			};
			buildConfigurationList = 8003B51C2F324B9A0035E183 /* Build configuration list for PBXProject "Fonsters" */;
			developmentRegion = en;
			hasScannedForEncodings = 0;
			knownRegions = (
				en,
				Base,
			);
			mainGroup = 8003B5182F324B9A0035E183;
			minimizedProjectReferenceProxies = 1;
			preferredProjectObjectVersion = 77;
			productRefGroup = 8003B5222F324B9A0035E183 /* Products */;
			projectDirPath = "";
			projectRoot = "";
			targets = (
				8003B5202F324B9A0035E183 /* Fonsters */,
				8003B5632F324B9C0035E183 /* Fonsters Watch App */,
				8003B5742F324B9C0035E183 /* Fonsters Watch Clock Extension */,
				8003B5312F324B9C0035E183 /* FonstersTests */,
				8003B53B2F324B9C0035E183 /* FonstersUITests */,
				8085E0632F328F90009F6980 /* Fonsters iMessage Extension */,
			);
		};
/* End PBXProject section */

/* Begin PBXResourcesBuildPhase section */
		8003B51F2F324B9A0035E183 /* Resources */ = {
			isa = PBXResourcesBuildPhase;
			buildActionMask = 2147483647;
			files = (
			);
			runOnlyForDeploymentPostprocessing = 0;
		};
		8003B5302F324B9C0035E183 /* Resources */ = {
			isa = PBXResourcesBuildPhase;
			buildActionMask = 2147483647;
			files = (
			);
			runOnlyForDeploymentPostprocessing = 0;
		};
		8003B53A2F324B9C0035E183 /* Resources */ = {
			isa = PBXResourcesBuildPhase;
			buildActionMask = 2147483647;
			files = (
			);
			runOnlyForDeploymentPostprocessing = 0;
		};
		8003B5672F324B9C0035E183 /* Resources */ = {
			isa = PBXResourcesBuildPhase;
			buildActionMask = 2147483647;
			files = (
			);
			runOnlyForDeploymentPostprocessing = 0;
		};
		8003B5772F324B9C0035E183 /* Resources */ = {
			isa = PBXResourcesBuildPhase;
			buildActionMask = 2147483647;
			files = (
			);
			runOnlyForDeploymentPostprocessing = 0;
		};
		8085E0622F328F90009F6980 /* Resources */ = {
			isa = PBXResourcesBuildPhase;
			buildActionMask = 2147483647;
			files = (
			);
			runOnlyForDeploymentPostprocessing = 0;
		};
/* End PBXResourcesBuildPhase section */

/* Begin PBXSourcesBuildPhase section */
		8003B51D2F324B9A0035E183 /* Sources */ = {
			isa = PBXSourcesBuildPhase;
			buildActionMask = 2147483647;
			files = (
			);
			runOnlyForDeploymentPostprocessing = 0;
		};
		8003B52E2F324B9C0035E183 /* Sources */ = {
			isa = PBXSourcesBuildPhase;
			buildActionMask = 2147483647;
			files = (
			);
			runOnlyForDeploymentPostprocessing = 0;
		};
		8003B5382F324B9C0035E183 /* Sources */ = {
			isa = PBXSourcesBuildPhase;
			buildActionMask = 2147483647;
			files = (
			);
			runOnlyForDeploymentPostprocessing = 0;
		};
		8003B5642F324B9C0035E183 /* Sources */ = {
			isa = PBXSourcesBuildPhase;
			buildActionMask = 2147483647;
			files = (
			);
			runOnlyForDeploymentPostprocessing = 0;
		};
		8003B5752F324B9C0035E183 /* Sources */ = {
			isa = PBXSourcesBuildPhase;
			buildActionMask = 2147483647;
			files = (
			);
			runOnlyForDeploymentPostprocessing = 0;
		};
		8085E0602F328F90009F6980 /* Sources */ = {
			isa = PBXSourcesBuildPhase;
			buildActionMask = 2147483647;
			files = (
			);
			runOnlyForDeploymentPostprocessing = 0;
		};
/* End PBXSourcesBuildPhase section */

/* Begin PBXTargetDependency section */
		8003B5342F324B9C0035E183 /* PBXTargetDependency */ = {
			isa = PBXTargetDependency;
			target = 8003B5202F324B9A0035E183 /* Fonsters */;
			targetProxy = 8003B5332F324B9C0035E183 /* PBXContainerItemProxy */;
		};
		8003B53E2F324B9C0035E183 /* PBXTargetDependency */ = {
			isa = PBXTargetDependency;
			target = 8003B5202F324B9A0035E183 /* Fonsters */;
			targetProxy = 8003B53D2F324B9C0035E183 /* PBXContainerItemProxy */;
		};
		8003B5792F324B9C0035E183 /* PBXTargetDependency */ = {
			isa = PBXTargetDependency;
			target = 8003B5742F324B9C0035E183 /* Fonsters Watch Clock Extension */;
			targetProxy = 8003B57B2F324B9C0035E183 /* PBXContainerItemProxy */;
		};
		8085E0722F328F91009F6980 /* PBXTargetDependency */ = {
			isa = PBXTargetDependency;
			platformFilters = ( ios );
			target = 8085E0632F328F90009F6980 /* Fonsters iMessage Extension */;
			targetProxy = 8085E0712F328F91009F6980 /* PBXContainerItemProxy */;
		};
/* End PBXTargetDependency section */

/* Begin XCBuildConfiguration section */
		8003B5462F324B9C0035E183 /* Debug */ = {
			isa = XCBuildConfiguration;
			buildSettings = {
				ASSETCATALOG_COMPILER_APPICON_NAME = AppIcon;
				ASSETCATALOG_COMPILER_GLOBAL_ACCENT_COLOR_NAME = AccentColor;
				CODE_SIGN_STYLE = Automatic;
				CURRENT_PROJECT_VERSION = 1;
				DEVELOPMENT_TEAM = EJLR2RPSV2;
				ENABLE_APP_SANDBOX = YES;
				ENABLE_HARDENED_RUNTIME = YES;
				ENABLE_PREVIEWS = YES;
				ENABLE_USER_SELECTED_FILES = readonly;
				GENERATE_INFOPLIST_FILE = YES;
				INFOPLIST_FILE = Fonsters/Info.plist;
				"INFOPLIST_KEY_UIApplicationSceneManifest_Generation[sdk=iphoneos*]" = YES;
				"INFOPLIST_KEY_UIApplicationSceneManifest_Generation[sdk=iphonesimulator*]" = YES;
				"INFOPLIST_KEY_UIApplicationSupportsIndirectInputEvents[sdk=iphoneos*]" = YES;
				"INFOPLIST_KEY_UIApplicationSupportsIndirectInputEvents[sdk=iphonesimulator*]" = YES;
				"INFOPLIST_KEY_UILaunchScreen_Generation[sdk=iphoneos*]" = YES;
				"INFOPLIST_KEY_UILaunchScreen_Generation[sdk=iphonesimulator*]" = YES;
				"INFOPLIST_KEY_UIStatusBarStyle[sdk=iphoneos*]" = UIStatusBarStyleDefault;
				"INFOPLIST_KEY_UIStatusBarStyle[sdk=iphonesimulator*]" = UIStatusBarStyleDefault;
				INFOPLIST_KEY_UISupportedInterfaceOrientations_iPad = "UIInterfaceOrientationPortrait UIInterfaceOrientationPortraitUpsideDown UIInterfaceOrientationLandscapeLeft UIInterfaceOrientationLandscapeRight";
				INFOPLIST_KEY_UISupportedInterfaceOrientations_iPhone = "UIInterfaceOrientationPortrait UIInterfaceOrientationLandscapeLeft UIInterfaceOrientationLandscapeRight";
				IPHONEOS_DEPLOYMENT_TARGET = 17.6;
				LD_RUNPATH_SEARCH_PATHS = "@executable_path/Frameworks";
				"LD_RUNPATH_SEARCH_PATHS[sdk=macosx*]" = "@executable_path/../Frameworks";
				MACOSX_DEPLOYMENT_TARGET = 15.6;
				MARKETING_VERSION = 1.0;
				PRODUCT_BUNDLE_IDENTIFIER = com.nathanfennel.Fonsters;
				PRODUCT_NAME = "$(TARGET_NAME)";
				REGISTER_APP_GROUPS = YES;
				SDKROOT = auto;
				STRING_CATALOG_GENERATE_SYMBOLS = YES;
				SUPPORTED_PLATFORMS = "appletvos appletvsimulator iphoneos iphonesimulator macosx xros xrsimulator";
				SWIFT_APPROACHABLE_CONCURRENCY = YES;
				SWIFT_DEFAULT_ACTOR_ISOLATION = MainActor;
				SWIFT_EMIT_LOC_STRINGS = YES;
				SWIFT_UPCOMING_FEATURE_MEMBER_IMPORT_VISIBILITY = YES;
				SWIFT_VERSION = 5.0;
				TARGETED_DEVICE_FAMILY = "1,2,3,7";
				TVOS_DEPLOYMENT_TARGET = 17.6;
				XROS_DEPLOYMENT_TARGET = 2.6;
			};
			name = Debug;
		};
		8003B5472F324B9C0035E183 /* Release */ = {
			isa = XCBuildConfiguration;
			buildSettings = {
				ASSETCATALOG_COMPILER_APPICON_NAME = AppIcon;
				ASSETCATALOG_COMPILER_GLOBAL_ACCENT_COLOR_NAME = AccentColor;
				CODE_SIGN_STYLE = Automatic;
				CURRENT_PROJECT_VERSION = 1;
				DEVELOPMENT_TEAM = EJLR2RPSV2;
				ENABLE_APP_SANDBOX = YES;
				ENABLE_HARDENED_RUNTIME = YES;
				ENABLE_PREVIEWS = YES;
				ENABLE_USER_SELECTED_FILES = readonly;
				GENERATE_INFOPLIST_FILE = YES;
				INFOPLIST_FILE = Fonsters/Info.plist;
				"INFOPLIST_KEY_UIApplicationSceneManifest_Generation[sdk=iphoneos*]" = YES;
				"INFOPLIST_KEY_UIApplicationSceneManifest_Generation[sdk=iphonesimulator*]" = YES;
				"INFOPLIST_KEY_UIApplicationSupportsIndirectInputEvents[sdk=iphoneos*]" = YES;
				"INFOPLIST_KEY_UIApplicationSupportsIndirectInputEvents[sdk=iphonesimulator*]" = YES;
				"INFOPLIST_KEY_UILaunchScreen_Generation[sdk=iphoneos*]" = YES;
				"INFOPLIST_KEY_UILaunchScreen_Generation[sdk=iphonesimulator*]" = YES;
				"INFOPLIST_KEY_UIStatusBarStyle[sdk=iphoneos*]" = UIStatusBarStyleDefault;
				"INFOPLIST_KEY_UIStatusBarStyle[sdk=iphonesimulator*]" = UIStatusBarStyleDefault;
				INFOPLIST_KEY_UISupportedInterfaceOrientations_iPad = "UIInterfaceOrientationPortrait UIInterfaceOrientationPortraitUpsideDown UIInterfaceOrientationLandscapeLeft UIInterfaceOrientationLandscapeRight";
				INFOPLIST_KEY_UISupportedInterfaceOrientations_iPhone = "UIInterfaceOrientationPortrait UIInterfaceOrientationLandscapeLeft UIInterfaceOrientationLandscapeRight";
				IPHONEOS_DEPLOYMENT_TARGET = 17.6;
				LD_RUNPATH_SEARCH_PATHS = "@executable_path/Frameworks";
				"LD_RUNPATH_SEARCH_PATHS[sdk=macosx*]" = "@executable_path/../Frameworks";
				MACOSX_DEPLOYMENT_TARGET = 15.6;
				MARKETING_VERSION = 1.0;
				PRODUCT_BUNDLE_IDENTIFIER = com.nathanfennel.Fonsters;
				PRODUCT_NAME = "$(TARGET_NAME)";
				REGISTER_APP_GROUPS = YES;
				SDKROOT = auto;
				STRING_CATALOG_GENERATE_SYMBOLS = YES;
				SUPPORTED_PLATFORMS = "appletvos appletvsimulator iphoneos iphonesimulator macosx xros xrsimulator";
				SWIFT_APPROACHABLE_CONCURRENCY = YES;
				SWIFT_DEFAULT_ACTOR_ISOLATION = MainActor;
				SWIFT_EMIT_LOC_STRINGS = YES;
				SWIFT_UPCOMING_FEATURE_MEMBER_IMPORT_VISIBILITY = YES;
				SWIFT_VERSION = 5.0;
				TARGETED_DEVICE_FAMILY = "1,2,3,7";
				TVOS_DEPLOYMENT_TARGET = 17.6;
				XROS_DEPLOYMENT_TARGET = 2.6;
			};
			name = Release;
		};
		8003B5482F324B9C0035E183 /* Debug */ = {
			isa = XCBuildConfiguration;
			buildSettings = {
				ALWAYS_SEARCH_USER_PATHS = NO;
				ASSETCATALOG_COMPILER_GENERATE_SWIFT_ASSET_SYMBOL_EXTENSIONS = YES;
				CLANG_ANALYZER_NONNULL = YES;
				CLANG_ANALYZER_NUMBER_OBJECT_CONVERSION = YES_AGGRESSIVE;
				CLANG_CXX_LANGUAGE_STANDARD = "gnu++20";
				CLANG_ENABLE_MODULES = YES;
				CLANG_ENABLE_OBJC_ARC = YES;
				CLANG_ENABLE_OBJC_WEAK = YES;
				CLANG_WARN_BLOCK_CAPTURE_AUTORELEASING = YES;
				CLANG_WARN_BOOL_CONVERSION = YES;
				CLANG_WARN_COMMA = YES;
				CLANG_WARN_CONSTANT_CONVERSION = YES;
				CLANG_WARN_DEPRECATED_OBJC_IMPLEMENTATIONS = YES;
				CLANG_WARN_DIRECT_OBJC_ISA_USAGE = YES_ERROR;
				CLANG_WARN_DOCUMENTATION_COMMENTS = YES;
				CLANG_WARN_EMPTY_BODY = YES;
				CLANG_WARN_ENUM_CONVERSION = YES;
				CLANG_WARN_INFINITE_RECURSION = YES;
				CLANG_WARN_INT_CONVERSION = YES;
				CLANG_WARN_NON_LITERAL_NULL_CONVERSION = YES;
				CLANG_WARN_OBJC_IMPLICIT_RETAIN_SELF = YES;
				CLANG_WARN_OBJC_LITERAL_CONVERSION = YES;
				CLANG_WARN_OBJC_ROOT_CLASS = YES_ERROR;
				CLANG_WARN_QUOTED_INCLUDE_IN_FRAMEWORK_HEADER = YES;
				CLANG_WARN_RANGE_LOOP_ANALYSIS = YES;
				CLANG_WARN_STRICT_PROTOTYPES = YES;
				CLANG_WARN_SUSPICIOUS_MOVE = YES;
				CLANG_WARN_UNGUARDED_AVAILABILITY = YES_AGGRESSIVE;
				CLANG_WARN_UNREACHABLE_CODE = YES;
				CLANG_WARN__DUPLICATE_METHOD_MATCH = YES;
				COPY_PHASE_STRIP = NO;
				DEBUG_INFORMATION_FORMAT = dwarf;
				DEVELOPMENT_TEAM = EJLR2RPSV2;
				ENABLE_STRICT_OBJC_MSGSEND = YES;
				ENABLE_TESTABILITY = YES;
				ENABLE_USER_SCRIPT_SANDBOXING = YES;
				GCC_C_LANGUAGE_STANDARD = gnu17;
				GCC_DYNAMIC_NO_PIC = NO;
				GCC_NO_COMMON_BLOCKS = YES;
				GCC_OPTIMIZATION_LEVEL = 0;
				GCC_PREPROCESSOR_DEFINITIONS = (
					"DEBUG=1",
					"$(inherited)",
				);
				GCC_WARN_64_TO_32_BIT_CONVERSION = YES;
				GCC_WARN_ABOUT_RETURN_TYPE = YES_ERROR;
				GCC_WARN_UNDECLARED_SELECTOR = YES;
				GCC_WARN_UNINITIALIZED_AUTOS = YES_AGGRESSIVE;
				GCC_WARN_UNUSED_FUNCTION = YES;
				GCC_WARN_UNUSED_VARIABLE = YES;
				LOCALIZATION_PREFERS_STRING_CATALOGS = YES;
				MTL_ENABLE_DEBUG_INFO = INCLUDE_SOURCE;
				MTL_FAST_MATH = YES;
				ONLY_ACTIVE_ARCH = YES;
				SWIFT_ACTIVE_COMPILATION_CONDITIONS = "DEBUG $(inherited)";
				SWIFT_OPTIMIZATION_LEVEL = "-Onone";
			};
			name = Debug;
		};
		8003B5492F324B9C0035E183 /* Release */ = {
			isa = XCBuildConfiguration;
			buildSettings = {
				ALWAYS_SEARCH_USER_PATHS = NO;
				ASSETCATALOG_COMPILER_GENERATE_SWIFT_ASSET_SYMBOL_EXTENSIONS = YES;
				CLANG_ANALYZER_NONNULL = YES;
				CLANG_ANALYZER_NUMBER_OBJECT_CONVERSION = YES_AGGRESSIVE;
				CLANG_CXX_LANGUAGE_STANDARD = "gnu++20";
				CLANG_ENABLE_MODULES = YES;
				CLANG_ENABLE_OBJC_ARC = YES;
				CLANG_ENABLE_OBJC_WEAK = YES;
				CLANG_WARN_BLOCK_CAPTURE_AUTORELEASING = YES;
				CLANG_WARN_BOOL_CONVERSION = YES;
				CLANG_WARN_COMMA = YES;
				CLANG_WARN_CONSTANT_CONVERSION = YES;
				CLANG_WARN_DEPRECATED_OBJC_IMPLEMENTATIONS = YES;
				CLANG_WARN_DIRECT_OBJC_ISA_USAGE = YES_ERROR;
				CLANG_WARN_DOCUMENTATION_COMMENTS = YES;
				CLANG_WARN_EMPTY_BODY = YES;
				CLANG_WARN_ENUM_CONVERSION = YES;
				CLANG_WARN_INFINITE_RECURSION = YES;
				CLANG_WARN_INT_CONVERSION = YES;
				CLANG_WARN_NON_LITERAL_NULL_CONVERSION = YES;
				CLANG_WARN_OBJC_IMPLICIT_RETAIN_SELF = YES;
				CLANG_WARN_OBJC_LITERAL_CONVERSION = YES;
				CLANG_WARN_OBJC_ROOT_CLASS = YES_ERROR;
				CLANG_WARN_QUOTED_INCLUDE_IN_FRAMEWORK_HEADER = YES;
				CLANG_WARN_RANGE_LOOP_ANALYSIS = YES;
				CLANG_WARN_STRICT_PROTOTYPES = YES;
				CLANG_WARN_SUSPICIOUS_MOVE = YES;
				CLANG_WARN_UNGUARDED_AVAILABILITY = YES_AGGRESSIVE;
				CLANG_WARN_UNREACHABLE_CODE = YES;
				CLANG_WARN__DUPLICATE_METHOD_MATCH = YES;
				COPY_PHASE_STRIP = NO;
				DEBUG_INFORMATION_FORMAT = "dwarf-with-dsym";
				DEVELOPMENT_TEAM = EJLR2RPSV2;
				ENABLE_NS_ASSERTIONS = NO;
				ENABLE_STRICT_OBJC_MSGSEND = YES;
				ENABLE_USER_SCRIPT_SANDBOXING = YES;
				GCC_C_LANGUAGE_STANDARD = gnu17;
				GCC_NO_COMMON_BLOCKS = YES;
				GCC_WARN_64_TO_32_BIT_CONVERSION = YES;
				GCC_WARN_ABOUT_RETURN_TYPE = YES_ERROR;
				GCC_WARN_UNDECLARED_SELECTOR = YES;
				GCC_WARN_UNINITIALIZED_AUTOS = YES_AGGRESSIVE;
				GCC_WARN_UNUSED_FUNCTION = YES;
				GCC_WARN_UNUSED_VARIABLE = YES;
				LOCALIZATION_PREFERS_STRING_CATALOGS = YES;
				MTL_ENABLE_DEBUG_INFO = NO;
				MTL_FAST_MATH = YES;
				SWIFT_COMPILATION_MODE = wholemodule;
			};
			name = Release;
		};
		8003B54B2F324B9C0035E183 /* Debug */ = {
			isa = XCBuildConfiguration;
			buildSettings = {
				BUNDLE_LOADER = "$(TEST_HOST)";
				CODE_SIGN_STYLE = Automatic;
				CURRENT_PROJECT_VERSION = 1;
				DEVELOPMENT_TEAM = EJLR2RPSV2;
				GENERATE_INFOPLIST_FILE = YES;
				IPHONEOS_DEPLOYMENT_TARGET = 26.2;
				MACOSX_DEPLOYMENT_TARGET = 26.2;
				MARKETING_VERSION = 1.0;
				PRODUCT_BUNDLE_IDENTIFIER = com.nathanfennel.FonstersTests;
				PRODUCT_NAME = "$(TARGET_NAME)";
				SDKROOT = auto;
				STRING_CATALOG_GENERATE_SYMBOLS = NO;
				SUPPORTED_PLATFORMS = "iphoneos iphonesimulator macosx xros xrsimulator";
				SWIFT_APPROACHABLE_CONCURRENCY = YES;
				SWIFT_EMIT_LOC_STRINGS = NO;
				SWIFT_UPCOMING_FEATURE_MEMBER_IMPORT_VISIBILITY = YES;
				SWIFT_VERSION = 5.0;
				TARGETED_DEVICE_FAMILY = "1,2,7";
				TEST_HOST = "$(BUILT_PRODUCTS_DIR)/Fonsters.app/$(BUNDLE_EXECUTABLE_FOLDER_PATH)/Fonsters";
				XROS_DEPLOYMENT_TARGET = 26.2;
			};
			name = Debug;
		};
		8003B54C2F324B9C0035E183 /* Release */ = {
			isa = XCBuildConfiguration;
			buildSettings = {
				BUNDLE_LOADER = "$(TEST_HOST)";
				CODE_SIGN_STYLE = Automatic;
				CURRENT_PROJECT_VERSION = 1;
				DEVELOPMENT_TEAM = EJLR2RPSV2;
				GENERATE_INFOPLIST_FILE = YES;
				IPHONEOS_DEPLOYMENT_TARGET = 26.2;
				MACOSX_DEPLOYMENT_TARGET = 26.2;
				MARKETING_VERSION = 1.0;
				PRODUCT_BUNDLE_IDENTIFIER = com.nathanfennel.FonstersTests;
				PRODUCT_NAME = "$(TARGET_NAME)";
				SDKROOT = auto;
				STRING_CATALOG_GENERATE_SYMBOLS = NO;
				SUPPORTED_PLATFORMS = "iphoneos iphonesimulator macosx xros xrsimulator";
				SWIFT_APPROACHABLE_CONCURRENCY = YES;
				SWIFT_EMIT_LOC_STRINGS = NO;
				SWIFT_UPCOMING_FEATURE_MEMBER_IMPORT_VISIBILITY = YES;
				SWIFT_VERSION = 5.0;
				TARGETED_DEVICE_FAMILY = "1,2,7";
				TEST_HOST = "$(BUILT_PRODUCTS_DIR)/Fonsters.app/$(BUNDLE_EXECUTABLE_FOLDER_PATH)/Fonsters";
				XROS_DEPLOYMENT_TARGET = 26.2;
			};
			name = Release;
		};
		8003B54E2F324B9C0035E183 /* Debug */ = {
			isa = XCBuildConfiguration;
			buildSettings = {
				CODE_SIGN_STYLE = Automatic;
				CURRENT_PROJECT_VERSION = 1;
				DEVELOPMENT_TEAM = EJLR2RPSV2;
				GENERATE_INFOPLIST_FILE = YES;
				IPHONEOS_DEPLOYMENT_TARGET = 26.2;
				MACOSX_DEPLOYMENT_TARGET = 26.2;
				MARKETING_VERSION = 1.0;
				PRODUCT_BUNDLE_IDENTIFIER = com.nathanfennel.FonstersUITests;
				PRODUCT_NAME = "$(TARGET_NAME)";
				SDKROOT = auto;
				STRING_CATALOG_GENERATE_SYMBOLS = NO;
				SUPPORTED_PLATFORMS = "iphoneos iphonesimulator macosx xros xrsimulator";
				SWIFT_APPROACHABLE_CONCURRENCY = YES;
				SWIFT_EMIT_LOC_STRINGS = NO;
				SWIFT_UPCOMING_FEATURE_MEMBER_IMPORT_VISIBILITY = YES;
				SWIFT_VERSION = 5.0;
				TARGETED_DEVICE_FAMILY = "1,2,7";
				TEST_TARGET_NAME = Fonsters;
				XROS_DEPLOYMENT_TARGET = 26.2;
			};
			name = Debug;
		};
		8003B54F2F324B9C0035E183 /* Release */ = {
			isa = XCBuildConfiguration;
			buildSettings = {
				CODE_SIGN_STYLE = Automatic;
				CURRENT_PROJECT_VERSION = 1;
				DEVELOPMENT_TEAM = EJLR2RPSV2;
				GENERATE_INFOPLIST_FILE = YES;
				IPHONEOS_DEPLOYMENT_TARGET = 26.2;
				MACOSX_DEPLOYMENT_TARGET = 26.2;
				MARKETING_VERSION = 1.0;
				PRODUCT_BUNDLE_IDENTIFIER = com.nathanfennel.FonstersUITests;
				PRODUCT_NAME = "$(TARGET_NAME)";
				SDKROOT = auto;
				STRING_CATALOG_GENERATE_SYMBOLS = NO;
				SUPPORTED_PLATFORMS = "iphoneos iphonesimulator macosx xros xrsimulator";
				SWIFT_APPROACHABLE_CONCURRENCY = YES;
				SWIFT_EMIT_LOC_STRINGS = NO;
				SWIFT_UPCOMING_FEATURE_MEMBER_IMPORT_VISIBILITY = YES;
				SWIFT_VERSION = 5.0;
				TARGETED_DEVICE_FAMILY = "1,2,7";
				TEST_TARGET_NAME = Fonsters;
				XROS_DEPLOYMENT_TARGET = 26.2;
			};
			name = Release;
		};
		8003B5682F324B9C0035E183 /* Debug */ = {
			isa = XCBuildConfiguration;
			buildSettings = {
				ASSETCATALOG_COMPILER_APPICON_NAME = AppIcon;
				CODE_SIGN_ENTITLEMENTS = "Fonsters Watch App/FonstersWatchApp.entitlements";
				CODE_SIGN_STYLE = Automatic;
				CURRENT_PROJECT_VERSION = 1;
				DEVELOPMENT_TEAM = EJLR2RPSV2;
				GENERATE_INFOPLIST_FILE = YES;
				MARKETING_VERSION = 1.0;
				PRODUCT_BUNDLE_IDENTIFIER = com.nathanfennel.Fonsters.watchkitapp;
				PRODUCT_NAME = "$(TARGET_NAME)";
				SDKROOT = watchos;
				SKIP_INSTALL = YES;
				SWIFT_EMIT_LOC_STRINGS = YES;
				SWIFT_VERSION = 5.0;
				TARGETED_DEVICE_FAMILY = 4;
				WATCHOS_DEPLOYMENT_TARGET = 10.6;
			};
			name = Debug;
		};
		8003B5692F324B9C0035E183 /* Release */ = {
			isa = XCBuildConfiguration;
			buildSettings = {
				ASSETCATALOG_COMPILER_APPICON_NAME = AppIcon;
				CODE_SIGN_ENTITLEMENTS = "Fonsters Watch App/FonstersWatchApp.entitlements";
				CODE_SIGN_STYLE = Automatic;
				CURRENT_PROJECT_VERSION = 1;
				DEVELOPMENT_TEAM = EJLR2RPSV2;
				GENERATE_INFOPLIST_FILE = YES;
				MARKETING_VERSION = 1.0;
				PRODUCT_BUNDLE_IDENTIFIER = com.nathanfennel.Fonsters.watchkitapp;
				PRODUCT_NAME = "$(TARGET_NAME)";
				SDKROOT = watchos;
				SKIP_INSTALL = YES;
				SWIFT_EMIT_LOC_STRINGS = YES;
				SWIFT_VERSION = 5.0;
				TARGETED_DEVICE_FAMILY = 4;
				WATCHOS_DEPLOYMENT_TARGET = 10.6;
			};
			name = Release;
		};
		8003B57E2F324B9C0035E183 /* Debug */ = {
			isa = XCBuildConfiguration;
			buildSettings = {
				CODE_SIGN_STYLE = Automatic;
				CURRENT_PROJECT_VERSION = 1;
				DEVELOPMENT_TEAM = EJLR2RPSV2;
				GENERATE_INFOPLIST_FILE = YES;
				MARKETING_VERSION = 1.0;
				PRODUCT_BUNDLE_IDENTIFIER = com.nathanfennel.Fonsters.watchkitapp.clock;
				PRODUCT_NAME = "$(TARGET_NAME)";
				SDKROOT = watchos;
				SKIP_INSTALL = YES;
				SWIFT_EMIT_LOC_STRINGS = YES;
				SWIFT_VERSION = 5.0;
				TARGETED_DEVICE_FAMILY = 4;
				WATCHOS_DEPLOYMENT_TARGET = 11.0;
			};
			name = Debug;
		};
		8003B57F2F324B9C0035E183 /* Release */ = {
			isa = XCBuildConfiguration;
			buildSettings = {
				CODE_SIGN_STYLE = Automatic;
				CURRENT_PROJECT_VERSION = 1;
				DEVELOPMENT_TEAM = EJLR2RPSV2;
				GENERATE_INFOPLIST_FILE = YES;
				MARKETING_VERSION = 1.0;
				PRODUCT_BUNDLE_IDENTIFIER = com.nathanfennel.Fonsters.watchkitapp.clock;
				PRODUCT_NAME = "$(TARGET_NAME)";
				SDKROOT = watchos;
				SKIP_INSTALL = YES;
				SWIFT_EMIT_LOC_STRINGS = YES;
				SWIFT_VERSION = 5.0;
				TARGETED_DEVICE_FAMILY = 4;
				WATCHOS_DEPLOYMENT_TARGET = 11.0;
			};
			name = Release;
		};
		8085E0752F328F91009F6980 /* Debug */ = {
			isa = XCBuildConfiguration;
			buildSettings = {
				ASSETCATALOG_COMPILER_APPICON_NAME = "iMessage App Icon";
				CODE_SIGN_STYLE = Automatic;
				CURRENT_PROJECT_VERSION = 1;
				DEVELOPMENT_TEAM = EJLR2RPSV2;
				GENERATE_INFOPLIST_FILE = YES;
				INFOPLIST_FILE = "Fonsters iMessage Extension/Info.plist";
				INFOPLIST_KEY_CFBundleDisplayName = "Fonsters iMessage Extension";
				INFOPLIST_KEY_NSHumanReadableCopyright = "";
				IPHONEOS_DEPLOYMENT_TARGET = 26.2;
				LD_RUNPATH_SEARCH_PATHS = (
					"$(inherited)",
					"@executable_path/Frameworks",
					"@executable_path/../../Frameworks",
				);
				MARKETING_VERSION = 1.0;
				PRODUCT_BUNDLE_IDENTIFIER = "com.nathanfennel.Fonsters.Fonsters-iMessage-Extension";
				PRODUCT_NAME = "$(TARGET_NAME)";
				SDKROOT = iphoneos;
				SKIP_INSTALL = YES;
				STRING_CATALOG_GENERATE_SYMBOLS = YES;
				SWIFT_APPROACHABLE_CONCURRENCY = YES;
				SWIFT_EMIT_LOC_STRINGS = YES;
				SWIFT_UPCOMING_FEATURE_MEMBER_IMPORT_VISIBILITY = YES;
				SWIFT_VERSION = 5.0;
				TARGETED_DEVICE_FAMILY = "1,2";
			};
			name = Debug;
		};
		8085E0762F328F91009F6980 /* Release */ = {
			isa = XCBuildConfiguration;
			buildSettings = {
				ASSETCATALOG_COMPILER_APPICON_NAME = "iMessage App Icon";
				CODE_SIGN_STYLE = Automatic;
				CURRENT_PROJECT_VERSION = 1;
				DEVELOPMENT_TEAM = EJLR2RPSV2;
				GENERATE_INFOPLIST_FILE = YES;
				INFOPLIST_FILE = "Fonsters iMessage Extension/Info.plist";
				INFOPLIST_KEY_CFBundleDisplayName = "Fonsters iMessage Extension";
				INFOPLIST_KEY_NSHumanReadableCopyright = "";
				IPHONEOS_DEPLOYMENT_TARGET = 26.2;
				LD_RUNPATH_SEARCH_PATHS = (
					"$(inherited)",
					"@executable_path/Frameworks",
					"@executable_path/../../Frameworks",
				);
				MARKETING_VERSION = 1.0;
				PRODUCT_BUNDLE_IDENTIFIER = "com.nathanfennel.Fonsters.Fonsters-iMessage-Extension";
				PRODUCT_NAME = "$(TARGET_NAME)";
				SDKROOT = iphoneos;
				SKIP_INSTALL = YES;
				STRING_CATALOG_GENERATE_SYMBOLS = YES;
				SWIFT_APPROACHABLE_CONCURRENCY = YES;
				SWIFT_EMIT_LOC_STRINGS = YES;
				SWIFT_UPCOMING_FEATURE_MEMBER_IMPORT_VISIBILITY = YES;
				SWIFT_VERSION = 5.0;
				TARGETED_DEVICE_FAMILY = "1,2";
				VALIDATE_PRODUCT = YES;
			};
			name = Release;
		};
/* End XCBuildConfiguration section */

/* Begin XCConfigurationList section */
		8003B51C2F324B9A0035E183 /* Build configuration list for PBXProject "Fonsters" */ = {
			isa = XCConfigurationList;
			buildConfigurations = (
				8003B5482F324B9C0035E183 /* Debug */,
				8003B5492F324B9C0035E183 /* Release */,
			);
			defaultConfigurationIsVisible = 0;
			defaultConfigurationName = Release;
		};
		8003B5452F324B9C0035E183 /* Build configuration list for PBXNativeTarget "Fonsters" */ = {
			isa = XCConfigurationList;
			buildConfigurations = (
				8003B5462F324B9C0035E183 /* Debug */,
				8003B5472F324B9C0035E183 /* Release */,
			);
			defaultConfigurationIsVisible = 0;
			defaultConfigurationName = Release;
		};
		8003B54A2F324B9C0035E183 /* Build configuration list for PBXNativeTarget "FonstersTests" */ = {
			isa = XCConfigurationList;
			buildConfigurations = (
				8003B54B2F324B9C0035E183 /* Debug */,
				8003B54C2F324B9C0035E183 /* Release */,
			);
			defaultConfigurationIsVisible = 0;
			defaultConfigurationName = Release;
		};
		8003B54D2F324B9C0035E183 /* Build configuration list for PBXNativeTarget "FonstersUITests" */ = {
			isa = XCConfigurationList;
			buildConfigurations = (
				8003B54E2F324B9C0035E183 /* Debug */,
				8003B54F2F324B9C0035E183 /* Release */,
			);
			defaultConfigurationIsVisible = 0;
			defaultConfigurationName = Release;
		};
		8003B5662F324B9C0035E183 /* Build configuration list for PBXNativeTarget "Fonsters Watch App" */ = {
			isa = XCConfigurationList;
			buildConfigurations = (
				8003B5682F324B9C0035E183 /* Debug */,
				8003B5692F324B9C0035E183 /* Release */,
			);
			defaultConfigurationIsVisible = 0;
			defaultConfigurationName = Release;
		};
		8003B57D2F324B9C0035E183 /* Build configuration list for PBXNativeTarget "Fonsters Watch Clock Extension" */ = {
			isa = XCConfigurationList;
			buildConfigurations = (
				8003B57E2F324B9C0035E183 /* Debug */,
				8003B57F2F324B9C0035E183 /* Release */,
			);
			defaultConfigurationIsVisible = 0;
			defaultConfigurationName = Release;
		};
		8085E0772F328F91009F6980 /* Build configuration list for PBXNativeTarget "Fonsters iMessage Extension" */ = {
			isa = XCConfigurationList;
			buildConfigurations = (
				8085E0752F328F91009F6980 /* Debug */,
				8085E0762F328F91009F6980 /* Release */,
			);
			defaultConfigurationIsVisible = 0;
			defaultConfigurationName = Release;
		};
/* End XCConfigurationList section */
	};
	rootObject = 8003B5192F324B9A0035E183 /* Project object */;
}
